
Microsoft Visual Studio Solution File, Format Version 12.00
Project("{FAE04EC0-301F-11D3-BF4B-00C04F79EFBC}") = "Extrosia", "Extrosia\Extrosia.csproj", "{E452DBE2-BD7D-45BE-AE38-B157C3302840}"
EndProject
Global
	GlobalSection(SolutionConfigurationPlatforms) = preSolution
		Debug|Any CPU = Debug|Any CPU
		Release|Any CPU = Release|Any CPU
	EndGlobalSection
	GlobalSection(ProjectConfigurationPlatforms) = postSolution
		{E452DBE2-BD7D-45BE-AE38-B157C3302840}.Debug|Any CPU.ActiveCfg = Debug|Any CPU
		{E452DBE2-BD7D-45BE-AE38-B157C3302840}.Debug|Any CPU.Build.0 = Debug|Any CPU
		{E452DBE2-BD7D-45BE-AE38-B157C3302840}.Release|Any CPU.ActiveCfg = Release|Any CPU
		{E452DBE2-BD7D-45BE-AE38-B157C3302840}.Release|Any CPU.Build.0 = Release|Any CPU
	EndGlobalSection
EndGlobal
